
Microsoft Visual Studio Solution File, Format Version 12.00
# Visual Studio Version 18
VisualStudioVersion = 18.3.11426.168
MinimumVisualStudioVersion = 10.0.40219.1
Project("{FAE04EC0-301F-11D3-BF4B-00C04F79EFBC}") = "MediatorLite", "src\MediatorLite\MediatorLite.csproj", "{A1B2C3D4-E5F6-7890-ABCD-EF1234567890}"
EndProject
Project("{FAE04EC0-301F-11D3-BF4B-00C04F79EFBC}") = "MediatorLite.Abstractions", "src\MediatorLite.Abstractions\MediatorLite.Abstractions.csproj", "{F1A2B3C4-D5E6-47F8-9A0B-1C2D3E4F5A6B}"
EndProject
Project("{FAE04EC0-301F-11D3-BF4B-00C04F79EFBC}") = "MediatorLite.SourceGeneration", "src\MediatorLite.SourceGeneration\MediatorLite.SourceGeneration.csproj", "{B2C3D4E5-F678-9012-BCDE-F12345678901}"
EndProject
Project("{FAE04EC0-301F-11D3-BF4B-00C04F79EFBC}") = "MediatorLite.Tests", "tests\MediatorLite.Tests\MediatorLite.Tests.csproj", "{C3D4E5F6-7890-1234-CDEF-123456789012}"
EndProject
Project("{FAE04EC0-301F-11D3-BF4B-00C04F79EFBC}") = "MediatorLite.Benchmarks", "tests\MediatorLite.Benchmarks\MediatorLite.Benchmarks.csproj", "{D4E5F678-9012-3456-DEF0-234567890123}"
EndProject
Project("{2150E333-8FDC-42A3-9474-1A3956D46DE8}") = "samples", "samples", "{5D20AA90-6969-D8BD-9DCD-8634F4692FDA}"
EndProject
Project("{FAE04EC0-301F-11D3-BF4B-00C04F79EFBC}") = "MediatorLite.Sample.SourceGen", "samples\MediatorLite.Sample.SourceGen\MediatorLite.Sample.SourceGen.csproj", "{9DB13F55-8B92-441C-849C-25756BEAA342}"
EndProject
Project("{2150E333-8FDC-42A3-9474-1A3956D46DE8}") = "src", "src", "{827E0CD3-B72D-47B6-A68D-7590B98EB39B}"
EndProject
Project("{2150E333-8FDC-42A3-9474-1A3956D46DE8}") = "tests", "tests", "{37515D50-C146-4183-9A79-E2155207D70C}"
EndProject
Project("{FAE04EC0-301F-11D3-BF4B-00C04F79EFBC}") = "MediatorLite.FluentValidation", "src\MediatorLite.FluentValidation\MediatorLite.FluentValidation.csproj", "{5DC8B981-9287-41AA-ABCA-0D8B41015A7C}"
EndProject
Project("{2150E333-8FDC-42A3-9474-1A3956D46DE8}") = "CompetitiveBenchmarks", "CompetitiveBenchmarks", "{1C37282C-B116-57AF-8E41-8BBAC7B44FCA}"
EndProject
Project("{FAE04EC0-301F-11D3-BF4B-00C04F79EFBC}") = "MediatorLite.CompetitiveBenchmarks.SmallProject", "tests\CompetitiveBenchmarks\SmallProject\MediatorLite.CompetitiveBenchmarks.SmallProject.csproj", "{AB705103-7C0A-5860-BF8E-365550D67F01}"
EndProject
Project("{FAE04EC0-301F-11D3-BF4B-00C04F79EFBC}") = "MediatorLite.CompetitiveBenchmarks.LargeProject", "tests\CompetitiveBenchmarks\LargeProject\MediatorLite.CompetitiveBenchmarks.LargeProject.csproj", "{3ACB1264-64C3-5A40-B0D2-B97CA77D2A30}"
EndProject
Project("{FAE04EC0-301F-11D3-BF4B-00C04F79EFBC}") = "MediatorLite.CompetitiveBenchmarks.DefaultDiagnostics", "tests\CompetitiveBenchmarks\DefaultDiagnostics\MediatorLite.CompetitiveBenchmarks.DefaultDiagnostics.csproj", "{57AE797C-B894-5615-92F0-0EB1E39DECB1}"
EndProject
Project("{FAE04EC0-301F-11D3-BF4B-00C04F79EFBC}") = "MediatorLite.CompetitiveBenchmarks.GeneratorThroughput", "tests\CompetitiveBenchmarks\GeneratorThroughput\MediatorLite.CompetitiveBenchmarks.GeneratorThroughput.csproj", "{E3D2DF6E-A369-51EB-96B3-C77AE35D8AFF}"
EndProject
Global
	GlobalSection(SolutionConfigurationPlatforms) = preSolution
		Debug|Any CPU = Debug|Any CPU
		Debug|x64 = Debug|x64
		Debug|x86 = Debug|x86
		Release|Any CPU = Release|Any CPU
		Release|x64 = Release|x64
		Release|x86 = Release|x86
	EndGlobalSection
	GlobalSection(ProjectConfigurationPlatforms) = postSolution
		{A1B2C3D4-E5F6-7890-ABCD-EF1234567890}.Debug|Any CPU.ActiveCfg = Debug|Any CPU
		{A1B2C3D4-E5F6-7890-ABCD-EF1234567890}.Debug|Any CPU.Build.0 = Debug|Any CPU
		{A1B2C3D4-E5F6-7890-ABCD-EF1234567890}.Debug|x64.ActiveCfg = Debug|Any CPU
		{A1B2C3D4-E5F6-7890-ABCD-EF1234567890}.Debug|x64.Build.0 = Debug|Any CPU
		{A1B2C3D4-E5F6-7890-ABCD-EF1234567890}.Debug|x86.ActiveCfg = Debug|Any CPU
		{A1B2C3D4-E5F6-7890-ABCD-EF1234567890}.Debug|x86.Build.0 = Debug|Any CPU
		{A1B2C3D4-E5F6-7890-ABCD-EF1234567890}.Release|Any CPU.ActiveCfg = Release|Any CPU
		{A1B2C3D4-E5F6-7890-ABCD-EF1234567890}.Release|Any CPU.Build.0 = Release|Any CPU
		{A1B2C3D4-E5F6-7890-ABCD-EF1234567890}.Release|x64.ActiveCfg = Release|Any CPU
		{A1B2C3D4-E5F6-7890-ABCD-EF1234567890}.Release|x64.Build.0 = Release|Any CPU
		{A1B2C3D4-E5F6-7890-ABCD-EF1234567890}.Release|x86.ActiveCfg = Release|Any CPU
		{A1B2C3D4-E5F6-7890-ABCD-EF1234567890}.Release|x86.Build.0 = Release|Any CPU
		{F1A2B3C4-D5E6-47F8-9A0B-1C2D3E4F5A6B}.Debug|Any CPU.ActiveCfg = Debug|Any CPU
		{F1A2B3C4-D5E6-47F8-9A0B-1C2D3E4F5A6B}.Debug|Any CPU.Build.0 = Debug|Any CPU
		{F1A2B3C4-D5E6-47F8-9A0B-1C2D3E4F5A6B}.Debug|x64.ActiveCfg = Debug|Any CPU
		{F1A2B3C4-D5E6-47F8-9A0B-1C2D3E4F5A6B}.Debug|x64.Build.0 = Debug|Any CPU
		{F1A2B3C4-D5E6-47F8-9A0B-1C2D3E4F5A6B}.Debug|x86.ActiveCfg = Debug|Any CPU
		{F1A2B3C4-D5E6-47F8-9A0B-1C2D3E4F5A6B}.Debug|x86.Build.0 = Debug|Any CPU
		{F1A2B3C4-D5E6-47F8-9A0B-1C2D3E4F5A6B}.Release|Any CPU.ActiveCfg = Release|Any CPU
		{F1A2B3C4-D5E6-47F8-9A0B-1C2D3E4F5A6B}.Release|Any CPU.Build.0 = Release|Any CPU
		{F1A2B3C4-D5E6-47F8-9A0B-1C2D3E4F5A6B}.Release|x64.ActiveCfg = Release|Any CPU
		{F1A2B3C4-D5E6-47F8-9A0B-1C2D3E4F5A6B}.Release|x64.Build.0 = Release|Any CPU
		{F1A2B3C4-D5E6-47F8-9A0B-1C2D3E4F5A6B}.Release|x86.ActiveCfg = Release|Any CPU
		{F1A2B3C4-D5E6-47F8-9A0B-1C2D3E4F5A6B}.Release|x86.Build.0 = Release|Any CPU
		{B2C3D4E5-F678-9012-BCDE-F12345678901}.Debug|Any CPU.ActiveCfg = Debug|Any CPU
		{B2C3D4E5-F678-9012-BCDE-F12345678901}.Debug|Any CPU.Build.0 = Debug|Any CPU
		{B2C3D4E5-F678-9012-BCDE-F12345678901}.Debug|x64.ActiveCfg = Debug|Any CPU
		{B2C3D4E5-F678-9012-BCDE-F12345678901}.Debug|x64.Build.0 = Debug|Any CPU
		{B2C3D4E5-F678-9012-BCDE-F12345678901}.Debug|x86.ActiveCfg = Debug|Any CPU
		{B2C3D4E5-F678-9012-BCDE-F12345678901}.Debug|x86.Build.0 = Debug|Any CPU
		{B2C3D4E5-F678-9012-BCDE-F12345678901}.Release|Any CPU.ActiveCfg = Release|Any CPU
		{B2C3D4E5-F678-9012-BCDE-F12345678901}.Release|Any CPU.Build.0 = Release|Any CPU
		{B2C3D4E5-F678-9012-BCDE-F12345678901}.Release|x64.ActiveCfg = Release|Any CPU
		{B2C3D4E5-F678-9012-BCDE-F12345678901}.Release|x64.Build.0 = Release|Any CPU
		{B2C3D4E5-F678-9012-BCDE-F12345678901}.Release|x86.ActiveCfg = Release|Any CPU
		{B2C3D4E5-F678-9012-BCDE-F12345678901}.Release|x86.Build.0 = Release|Any CPU
		{C3D4E5F6-7890-1234-CDEF-123456789012}.Debug|Any CPU.ActiveCfg = Debug|Any CPU
	{AB705103-7C0A-5860-BF8E-365550D67F01}.Debug|Any CPU.ActiveCfg = Debug|Any CPU
	{3ACB1264-64C3-5A40-B0D2-B97CA77D2A30}.Debug|Any CPU.ActiveCfg = Debug|Any CPU
	{57AE797C-B894-5615-92F0-0EB1E39DECB1}.Debug|Any CPU.ActiveCfg = Debug|Any CPU
	{E3D2DF6E-A369-51EB-96B3-C77AE35D8AFF}.Debug|Any CPU.ActiveCfg = Debug|Any CPU
		{C3D4E5F6-7890-1234-CDEF-123456789012}.Debug|Any CPU.Build.0 = Debug|Any CPU
		{C3D4E5F6-7890-1234-CDEF-123456789012}.Debug|x64.ActiveCfg = Debug|Any CPU
		{C3D4E5F6-7890-1234-CDEF-123456789012}.Debug|x64.Build.0 = Debug|Any CPU
		{C3D4E5F6-7890-1234-CDEF-123456789012}.Debug|x86.ActiveCfg = Debug|Any CPU
		{C3D4E5F6-7890-1234-CDEF-123456789012}.Debug|x86.Build.0 = Debug|Any CPU
		{C3D4E5F6-7890-1234-CDEF-123456789012}.Release|Any CPU.ActiveCfg = Release|Any CPU
		{C3D4E5F6-7890-1234-CDEF-123456789012}.Release|Any CPU.Build.0 = Release|Any CPU
		{C3D4E5F6-7890-1234-CDEF-123456789012}.Release|x64.ActiveCfg = Release|Any CPU
		{C3D4E5F6-7890-1234-CDEF-123456789012}.Release|x64.Build.0 = Release|Any CPU
		{C3D4E5F6-7890-1234-CDEF-123456789012}.Release|x86.ActiveCfg = Release|Any CPU
		{C3D4E5F6-7890-1234-CDEF-123456789012}.Release|x86.Build.0 = Release|Any CPU
		{D4E5F678-9012-3456-DEF0-234567890123}.Debug|Any CPU.ActiveCfg = Debug|Any CPU
		{D4E5F678-9012-3456-DEF0-234567890123}.Debug|Any CPU.Build.0 = Debug|Any CPU
		{D4E5F678-9012-3456-DEF0-234567890123}.Debug|x64.ActiveCfg = Debug|Any CPU
		{D4E5F678-9012-3456-DEF0-234567890123}.Debug|x64.Build.0 = Debug|Any CPU
		{D4E5F678-9012-3456-DEF0-234567890123}.Debug|x86.ActiveCfg = Debug|Any CPU
		{D4E5F678-9012-3456-DEF0-234567890123}.Debug|x86.Build.0 = Debug|Any CPU
		{D4E5F678-9012-3456-DEF0-234567890123}.Release|Any CPU.ActiveCfg = Release|Any CPU
		{D4E5F678-9012-3456-DEF0-234567890123}.Release|Any CPU.Build.0 = Release|Any CPU
		{D4E5F678-9012-3456-DEF0-234567890123}.Release|x64.ActiveCfg = Release|Any CPU
		{D4E5F678-9012-3456-DEF0-234567890123}.Release|x64.Build.0 = Release|Any CPU
		{D4E5F678-9012-3456-DEF0-234567890123}.Release|x86.ActiveCfg = Release|Any CPU
		{D4E5F678-9012-3456-DEF0-234567890123}.Release|x86.Build.0 = Release|Any CPU
		{9DB13F55-8B92-441C-849C-25756BEAA342}.Debug|Any CPU.ActiveCfg = Debug|Any CPU
		{9DB13F55-8B92-441C-849C-25756BEAA342}.Debug|Any CPU.Build.0 = Debug|Any CPU
		{9DB13F55-8B92-441C-849C-25756BEAA342}.Debug|x64.ActiveCfg = Debug|Any CPU
		{9DB13F55-8B92-441C-849C-25756BEAA342}.Debug|x64.Build.0 = Debug|Any CPU
		{9DB13F55-8B92-441C-849C-25756BEAA342}.Debug|x86.ActiveCfg = Debug|Any CPU
		{9DB13F55-8B92-441C-849C-25756BEAA342}.Debug|x86.Build.0 = Debug|Any CPU
		{9DB13F55-8B92-441C-849C-25756BEAA342}.Release|Any CPU.ActiveCfg = Release|Any CPU
		{9DB13F55-8B92-441C-849C-25756BEAA342}.Release|Any CPU.Build.0 = Release|Any CPU
		{9DB13F55-8B92-441C-849C-25756BEAA342}.Release|x64.ActiveCfg = Release|Any CPU
		{9DB13F55-8B92-441C-849C-25756BEAA342}.Release|x64.Build.0 = Release|Any CPU
		{9DB13F55-8B92-441C-849C-25756BEAA342}.Release|x86.ActiveCfg = Release|Any CPU
		{9DB13F55-8B92-441C-849C-25756BEAA342}.Release|x86.Build.0 = Release|Any CPU
		{5DC8B981-9287-41AA-ABCA-0D8B41015A7C}.Debug|Any CPU.ActiveCfg = Debug|Any CPU
		{5DC8B981-9287-41AA-ABCA-0D8B41015A7C}.Debug|Any CPU.Build.0 = Debug|Any CPU
		{5DC8B981-9287-41AA-ABCA-0D8B41015A7C}.Debug|x64.ActiveCfg = Debug|Any CPU
		{5DC8B981-9287-41AA-ABCA-0D8B41015A7C}.Debug|x64.Build.0 = Debug|Any CPU
		{5DC8B981-9287-41AA-ABCA-0D8B41015A7C}.Debug|x86.ActiveCfg = Debug|Any CPU
		{5DC8B981-9287-41AA-ABCA-0D8B41015A7C}.Debug|x86.Build.0 = Debug|Any CPU
		{5DC8B981-9287-41AA-ABCA-0D8B41015A7C}.Release|Any CPU.ActiveCfg = Release|Any CPU
		{5DC8B981-9287-41AA-ABCA-0D8B41015A7C}.Release|Any CPU.Build.0 = Release|Any CPU
		{5DC8B981-9287-41AA-ABCA-0D8B41015A7C}.Release|x64.ActiveCfg = Release|Any CPU
		{5DC8B981-9287-41AA-ABCA-0D8B41015A7C}.Release|x64.Build.0 = Release|Any CPU
		{5DC8B981-9287-41AA-ABCA-0D8B41015A7C}.Release|x86.ActiveCfg = Release|Any CPU
		{5DC8B981-9287-41AA-ABCA-0D8B41015A7C}.Release|x86.Build.0 = Release|Any CPU
	EndGlobalSection
	GlobalSection(SolutionProperties) = preSolution
		HideSolutionNode = FALSE
	EndGlobalSection
	GlobalSection(NestedProjects) = preSolution
		{A1B2C3D4-E5F6-7890-ABCD-EF1234567890} = {827E0CD3-B72D-47B6-A68D-7590B98EB39B}
		{F1A2B3C4-D5E6-47F8-9A0B-1C2D3E4F5A6B} = {827E0CD3-B72D-47B6-A68D-7590B98EB39B}
		{B2C3D4E5-F678-9012-BCDE-F12345678901} = {827E0CD3-B72D-47B6-A68D-7590B98EB39B}
		{C3D4E5F6-7890-1234-CDEF-123456789012} = {37515D50-C146-4183-9A79-E2155207D70C}
		{D4E5F678-9012-3456-DEF0-234567890123} = {37515D50-C146-4183-9A79-E2155207D70C}
		{9DB13F55-8B92-441C-849C-25756BEAA342} = {5D20AA90-6969-D8BD-9DCD-8634F4692FDA}
		{5DC8B981-9287-41AA-ABCA-0D8B41015A7C} = {827E0CD3-B72D-47B6-A68D-7590B98EB39B}
	{1C37282C-B116-57AF-8E41-8BBAC7B44FCA} = {37515D50-C146-4183-9A79-E2155207D70C}
	{AB705103-7C0A-5860-BF8E-365550D67F01} = {1C37282C-B116-57AF-8E41-8BBAC7B44FCA}
	{3ACB1264-64C3-5A40-B0D2-B97CA77D2A30} = {1C37282C-B116-57AF-8E41-8BBAC7B44FCA}
	{57AE797C-B894-5615-92F0-0EB1E39DECB1} = {1C37282C-B116-57AF-8E41-8BBAC7B44FCA}
	{E3D2DF6E-A369-51EB-96B3-C77AE35D8AFF} = {1C37282C-B116-57AF-8E41-8BBAC7B44FCA}
	EndGlobalSection
	GlobalSection(ExtensibilityGlobals) = postSolution
		SolutionGuid = {7F3FE5BA-571D-4CE7-A07C-D892C2EDFA5B}
	EndGlobalSection
EndGlobal
